
Microsoft Visual Studio Solution File, Format Version 12.00
# Visual Studio Version 17
VisualStudioVersion = 17.14.37012.4 d17.14
MinimumVisualStudioVersion = 10.0.40219.1
Project("{FAE04EC0-301F-11D3-BF4B-00C04F79EFBC}") = "lab1_tema", "lab1_tema\lab1_tema.csproj", "{43DBF831-E0BF-438B-B389-29956E96008D}"
EndProject
Global
	GlobalSection(SolutionConfigurationPlatforms) = preSolution
		Debug|Any CPU = Debug|Any CPU
		Release|Any CPU = Release|Any CPU
	EndGlobalSection
	GlobalSection(ProjectConfigurationPlatforms) = postSolution
		{43DBF831-E0BF-438B-B389-29956E96008D}.Debug|Any CPU.ActiveCfg = Debug|Any CPU
		{43DBF831-E0BF-438B-B389-29956E96008D}.Debug|Any CPU.Build.0 = Debug|Any CPU
		{43DBF831-E0BF-438B-B389-29956E96008D}.Release|Any CPU.ActiveCfg = Release|Any CPU
		{43DBF831-E0BF-438B-B389-29956E96008D}.Release|Any CPU.Build.0 = Release|Any CPU
	EndGlobalSection
	GlobalSection(SolutionProperties) = preSolution
		HideSolutionNode = FALSE
	EndGlobalSection
	GlobalSection(ExtensibilityGlobals) = postSolution
		SolutionGuid = {11AE3EB0-EBF9-4E3A-9286-AD37F102DFE0}
	EndGlobalSection
EndGlobal
